
Microsoft Visual Studio Solution File, Format Version 12.00
# Visual Studio Version 17
VisualStudioVersion = 17.5.002.0
MinimumVisualStudioVersion = 10.0.40219.1
Project("{9A19103F-16F7-4668-BE54-9A1E7A4F7556}") = "LogansDBTest", "LogansDBTest.csproj", "{A2347C61-BA13-4295-956C-CF2C75D88FA3}"
EndProject
Global
	GlobalSection(SolutionConfigurationPlatforms) = preSolution
		Debug|Any CPU = Debug|Any CPU
		Release|Any CPU = Release|Any CPU
	EndGlobalSection
	GlobalSection(ProjectConfigurationPlatforms) = postSolution
		{A2347C61-BA13-4295-956C-CF2C75D88FA3}.Debug|Any CPU.ActiveCfg = Debug|Any CPU
		{A2347C61-BA13-4295-956C-CF2C75D88FA3}.Debug|Any CPU.Build.0 = Debug|Any CPU
		{A2347C61-BA13-4295-956C-CF2C75D88FA3}.Release|Any CPU.ActiveCfg = Release|Any CPU
		{A2347C61-BA13-4295-956C-CF2C75D88FA3}.Release|Any CPU.Build.0 = Release|Any CPU
	EndGlobalSection
	GlobalSection(SolutionProperties) = preSolution
		HideSolutionNode = FALSE
	EndGlobalSection
	GlobalSection(ExtensibilityGlobals) = postSolution
		SolutionGuid = {E4C63778-DCA4-4361-9150-1AE5299FAFDB}
	EndGlobalSection
EndGlobal
